schema: '2.0'
stages:
  data_ingestion:
    cmd: python src/titanicSpaceShip/pipeline/stage_01_data_ingestion.py
    deps:
    - path: config/config.yaml
      hash: md5
      md5: 685882e6578c0fe5d65e272ad68d5a6d
      size: 903
    - path: src/titanicSpaceShip/pipeline/stage_01_data_ingestion.py
      hash: md5
      md5: 3538525ce8444f666d510391d74ea5cc
      size: 857
    outs:
    - path: artifacts/data_ingestion/data_spaceShip.csv
      hash: md5
      md5: 2f75b4785c1d1d7e2c778df84fd62cdc
      size: 600479
  prepare_base_model:
    cmd: python src/titanicSpaceShip/pipeline/stage_02_prepare_base_model.py
    deps:
    - path: config/config.yaml
      hash: md5
      md5: 685882e6578c0fe5d65e272ad68d5a6d
      size: 903
    - path: src/titanicSpaceShip/pipeline/stage_02_prepare_base_model.py
      hash: md5
      md5: fbc14a7277218a6d41e4820475f1a0d3
      size: 948
    params:
      params.yaml:
        FEATURES: 14
        LEARNING_RATE: 0.01
    outs:
    - path: artifacts/prepare_base_model/base_model.pt
      hash: md5
      md5: 633a4e70a0831de271006b8baf0d6ce0
      size: 30502
  training:
    cmd: python src/titanicSpaceShip/pipeline/stage_03_training.py
    deps:
    - path: artifacts/data_ingestion/data_spaceShip.csv
      hash: md5
      md5: 2f75b4785c1d1d7e2c778df84fd62cdc
      size: 600479
    - path: artifacts/prepare_base_model
      hash: md5
      md5: f8c1b866fe9dbb7d8ac0fea80d2fda02.dir
      size: 30502
      nfiles: 1
    - path: config/config.yaml
      hash: md5
      md5: 685882e6578c0fe5d65e272ad68d5a6d
      size: 903
    - path: src/titanicSpaceShip/components/prepare_callbacks.py
      hash: md5
      md5: 67cd2f2222be51e9f84a9f6cc69ce38b
      size: 2049
    - path: src/titanicSpaceShip/pipeline/stage_03_training.py
      hash: md5
      md5: e69408d92eb4b7f1b1fc4899ce768c9b
      size: 1254
    params:
      params.yaml:
        BATCH_SIZE: 512
        EPOCHS: 6
    outs:
    - path: artifacts/training/encoder_traindata.pickle
      hash: md5
      md5: 79884980c24d86675bc67550b1748727
      size: 707
    - path: artifacts/training/model.pt
      hash: md5
      md5: c62e9959d93c1152348a504961d2aff4
      size: 65262
  evaluation:
    cmd: python src/titanicSpaceShip/pipeline/stage_04_evaluation.py
    deps:
    - path: artifacts/data_ingestion/data_spaceShip.csv
      hash: md5
      md5: 2f75b4785c1d1d7e2c778df84fd62cdc
      size: 600479
    - path: artifacts/training/encoder_traindata.pickle
      hash: md5
      md5: 3378c8e8e2b8e5cd52c0aa7fd2ea3394
      size: 723
    - path: artifacts/training/model.pt
      hash: md5
      md5: 94644ace3046e2cd3ca0299144bbf6f1
      size: 65262
    - path: config/config.yaml
      hash: md5
      md5: 9908430d7a1e9e9942f9556df5d52da1
      size: 879
    - path: src/titanicSpaceShip/pipeline/stage_04_evaluation.py
      hash: md5
      md5: 6637593f7dbb5a907559434ccb26772f
      size: 876
    params:
      params.yaml:
        BATCH_SIZE: 512
    outs:
    - path: scores.json
      hash: md5
      md5: 7a6a1bd2aed68668ce991f97127dfc54
      size: 58
    - path: torchserve/models/spaceship.onnx
      hash: md5
      md5: e7286e8ea5979d0cf52f4fc383e651af
      size: 20029
    - path: torchserve/utils/encoder_traindata.pickle
      hash: md5
      md5: 3378c8e8e2b8e5cd52c0aa7fd2ea3394
      size: 723
